
Microsoft Visual Studio Solution File, Format Version 12.00
# Visual Studio Version 17
VisualStudioVersion = 17.5.002.0
MinimumVisualStudioVersion = 10.0.40219.1
Project("{9A19103F-16F7-4668-BE54-9A1E7A4F7556}") = "MyWebApp", "MyWebApp\MyWebApp.csproj", "{37D9904C-EEEB-4DCC-A752-ADDD74A72DAD}"
EndProject
Global
	GlobalSection(SolutionConfigurationPlatforms) = preSolution
		Debug|Any CPU = Debug|Any CPU
		Release|Any CPU = Release|Any CPU
	EndGlobalSection
	GlobalSection(ProjectConfigurationPlatforms) = postSolution
		{37D9904C-EEEB-4DCC-A752-ADDD74A72DAD}.Debug|Any CPU.ActiveCfg = Debug|Any CPU
		{37D9904C-EEEB-4DCC-A752-ADDD74A72DAD}.Debug|Any CPU.Build.0 = Debug|Any CPU
		{37D9904C-EEEB-4DCC-A752-ADDD74A72DAD}.Release|Any CPU.ActiveCfg = Release|Any CPU
		{37D9904C-EEEB-4DCC-A752-ADDD74A72DAD}.Release|Any CPU.Build.0 = Release|Any CPU
	EndGlobalSection
	GlobalSection(SolutionProperties) = preSolution
		HideSolutionNode = FALSE
	EndGlobalSection
	GlobalSection(ExtensibilityGlobals) = postSolution
		SolutionGuid = {F007D26E-3998-4FE8-9A03-A92AD4716E88}
	EndGlobalSection
EndGlobal
